
Microsoft Visual Studio Solution File, Format Version 12.00
# Visual Studio Version 16
VisualStudioVersion = 16.0.31829.152
MinimumVisualStudioVersion = 10.0.40219.1
Project("{9A19103F-16F7-4668-BE54-9A1E7A4F7556}") = "MyWeb", "MyWeb\MyWeb.csproj", "{E61B6597-ACBC-484B-9E0A-02021C498036}"
EndProject
Global
	GlobalSection(SolutionConfigurationPlatforms) = preSolution
		Debug|Any CPU = Debug|Any CPU
		Release|Any CPU = Release|Any CPU
	EndGlobalSection
	GlobalSection(ProjectConfigurationPlatforms) = postSolution
		{E61B6597-ACBC-484B-9E0A-02021C498036}.Debug|Any CPU.ActiveCfg = Debug|Any CPU
		{E61B6597-ACBC-484B-9E0A-02021C498036}.Debug|Any CPU.Build.0 = Debug|Any CPU
		{E61B6597-ACBC-484B-9E0A-02021C498036}.Release|Any CPU.ActiveCfg = Release|Any CPU
		{E61B6597-ACBC-484B-9E0A-02021C498036}.Release|Any CPU.Build.0 = Release|Any CPU
	EndGlobalSection
	GlobalSection(SolutionProperties) = preSolution
		HideSolutionNode = FALSE
	EndGlobalSection
	GlobalSection(ExtensibilityGlobals) = postSolution
		SolutionGuid = {AC54F696-294F-473E-9A5B-6CA9169425BE}
	EndGlobalSection
EndGlobal
